
Microsoft Visual Studio Solution File, Format Version 12.00
# Visual Studio 15
VisualStudioVersion = 15.0.28307.572
MinimumVisualStudioVersion = 10.0.40219.1
Project("{FAE04EC0-301F-11D3-BF4B-00C04F79EFBC}") = "Integer-Odd-Even-Range", "Integer-Odd-Even-Range\Integer-Odd-Even-Range.csproj", "{E5F0955E-C6A4-4E27-ABEF-465C3CBF6D25}"
EndProject
Global
	GlobalSection(SolutionConfigurationPlatforms) = preSolution
		Debug|Any CPU = Debug|Any CPU
		Release|Any CPU = Release|Any CPU
	EndGlobalSection
	GlobalSection(ProjectConfigurationPlatforms) = postSolution
		{E5F0955E-C6A4-4E27-ABEF-465C3CBF6D25}.Debug|Any CPU.ActiveCfg = Debug|Any CPU
		{E5F0955E-C6A4-4E27-ABEF-465C3CBF6D25}.Debug|Any CPU.Build.0 = Debug|Any CPU
		{E5F0955E-C6A4-4E27-ABEF-465C3CBF6D25}.Release|Any CPU.ActiveCfg = Release|Any CPU
		{E5F0955E-C6A4-4E27-ABEF-465C3CBF6D25}.Release|Any CPU.Build.0 = Release|Any CPU
	EndGlobalSection
	GlobalSection(SolutionProperties) = preSolution
		HideSolutionNode = FALSE
	EndGlobalSection
	GlobalSection(ExtensibilityGlobals) = postSolution
		SolutionGuid = {6F15F1AE-7ECF-4936-9948-92D30C5EBE07}
	EndGlobalSection
EndGlobal
